
Microsoft Visual Studio Solution File, Format Version 12.00
# Visual Studio Version 17
VisualStudioVersion = 17.11.35222.181
MinimumVisualStudioVersion = 10.0.40219.1
Project("{FAE04EC0-301F-11D3-BF4B-00C04F79EFBC}") = "lab1_1", "lab1_1\lab1_1.csproj", "{283668BB-10B3-45BC-BFB4-C947BE89846B}"
EndProject
Project("{FAE04EC0-301F-11D3-BF4B-00C04F79EFBC}") = "lab1_2", "lab1_2\lab1_2.csproj", "{318C7205-BC8F-421C-8070-0721752D1D09}"
EndProject
Project("{FAE04EC0-301F-11D3-BF4B-00C04F79EFBC}") = "test_lab_1_2", "test_lab_1_2\test_lab_1_2.csproj", "{EF7368EE-EB6C-4E72-857F-17B4472F8617}"
EndProject
Project("{FAE04EC0-301F-11D3-BF4B-00C04F79EFBC}") = "lab1_3", "lab1_3\lab1_3.csproj", "{A837DD65-8C61-44EB-84B0-02B6362AECA2}"
EndProject
Project("{FAE04EC0-301F-11D3-BF4B-00C04F79EFBC}") = "test_lab_1_3", "test_lab_1_3\test_lab_1_3.csproj", "{80EC68C7-88FC-4A9F-9B3B-C657BF99CA07}"
EndProject
Global
	GlobalSection(SolutionConfigurationPlatforms) = preSolution
		Debug|Any CPU = Debug|Any CPU
		Release|Any CPU = Release|Any CPU
	EndGlobalSection
	GlobalSection(ProjectConfigurationPlatforms) = postSolution
		{283668BB-10B3-45BC-BFB4-C947BE89846B}.Debug|Any CPU.ActiveCfg = Debug|Any CPU
		{283668BB-10B3-45BC-BFB4-C947BE89846B}.Debug|Any CPU.Build.0 = Debug|Any CPU
		{283668BB-10B3-45BC-BFB4-C947BE89846B}.Release|Any CPU.ActiveCfg = Release|Any CPU
		{283668BB-10B3-45BC-BFB4-C947BE89846B}.Release|Any CPU.Build.0 = Release|Any CPU
		{318C7205-BC8F-421C-8070-0721752D1D09}.Debug|Any CPU.ActiveCfg = Debug|Any CPU
		{318C7205-BC8F-421C-8070-0721752D1D09}.Debug|Any CPU.Build.0 = Debug|Any CPU
		{318C7205-BC8F-421C-8070-0721752D1D09}.Release|Any CPU.ActiveCfg = Release|Any CPU
		{318C7205-BC8F-421C-8070-0721752D1D09}.Release|Any CPU.Build.0 = Release|Any CPU
		{EF7368EE-EB6C-4E72-857F-17B4472F8617}.Debug|Any CPU.ActiveCfg = Debug|Any CPU
		{EF7368EE-EB6C-4E72-857F-17B4472F8617}.Debug|Any CPU.Build.0 = Debug|Any CPU
		{EF7368EE-EB6C-4E72-857F-17B4472F8617}.Release|Any CPU.ActiveCfg = Release|Any CPU
		{EF7368EE-EB6C-4E72-857F-17B4472F8617}.Release|Any CPU.Build.0 = Release|Any CPU
		{A837DD65-8C61-44EB-84B0-02B6362AECA2}.Debug|Any CPU.ActiveCfg = Debug|Any CPU
		{A837DD65-8C61-44EB-84B0-02B6362AECA2}.Debug|Any CPU.Build.0 = Debug|Any CPU
		{A837DD65-8C61-44EB-84B0-02B6362AECA2}.Release|Any CPU.ActiveCfg = Release|Any CPU
		{A837DD65-8C61-44EB-84B0-02B6362AECA2}.Release|Any CPU.Build.0 = Release|Any CPU
		{80EC68C7-88FC-4A9F-9B3B-C657BF99CA07}.Debug|Any CPU.ActiveCfg = Debug|Any CPU
		{80EC68C7-88FC-4A9F-9B3B-C657BF99CA07}.Debug|Any CPU.Build.0 = Debug|Any CPU
		{80EC68C7-88FC-4A9F-9B3B-C657BF99CA07}.Release|Any CPU.ActiveCfg = Release|Any CPU
		{80EC68C7-88FC-4A9F-9B3B-C657BF99CA07}.Release|Any CPU.Build.0 = Release|Any CPU
	EndGlobalSection
	GlobalSection(SolutionProperties) = preSolution
		HideSolutionNode = FALSE
	EndGlobalSection
	GlobalSection(ExtensibilityGlobals) = postSolution
		SolutionGuid = {D102B850-4A5A-4270-90B2-8CE1BD76E434}
	EndGlobalSection
EndGlobal
